
Microsoft Visual Studio Solution File, Format Version 12.00
# Visual Studio Version 17
VisualStudioVersion = 17.10.35122.118
MinimumVisualStudioVersion = 10.0.40219.1
Project("{8BC9CEB8-8B4A-11D0-8D11-00A0C91BC942}") = "Projecttt", "Projecttt\Projecttt.vcxproj", "{D699579F-EB6D-4A8F-A584-E4FCF3617CA7}"
EndProject
Global
	GlobalSection(SolutionConfigurationPlatforms) = preSolution
		Debug|x64 = Debug|x64
		Debug|x86 = Debug|x86
		Release|x64 = Release|x64
		Release|x86 = Release|x86
	EndGlobalSection
	GlobalSection(ProjectConfigurationPlatforms) = postSolution
		{D699579F-EB6D-4A8F-A584-E4FCF3617CA7}.Debug|x64.ActiveCfg = Debug|x64
		{D699579F-EB6D-4A8F-A584-E4FCF3617CA7}.Debug|x64.Build.0 = Debug|x64
		{D699579F-EB6D-4A8F-A584-E4FCF3617CA7}.Debug|x86.ActiveCfg = Debug|Win32
		{D699579F-EB6D-4A8F-A584-E4FCF3617CA7}.Debug|x86.Build.0 = Debug|Win32
		{D699579F-EB6D-4A8F-A584-E4FCF3617CA7}.Release|x64.ActiveCfg = Release|x64
		{D699579F-EB6D-4A8F-A584-E4FCF3617CA7}.Release|x64.Build.0 = Release|x64
		{D699579F-EB6D-4A8F-A584-E4FCF3617CA7}.Release|x86.ActiveCfg = Release|Win32
		{D699579F-EB6D-4A8F-A584-E4FCF3617CA7}.Release|x86.Build.0 = Release|Win32
	EndGlobalSection
	GlobalSection(SolutionProperties) = preSolution
		HideSolutionNode = FALSE
	EndGlobalSection
	GlobalSection(ExtensibilityGlobals) = postSolution
		SolutionGuid = {5EDE243D-7594-4A48-8F04-BA98A21990D9}
	EndGlobalSection
EndGlobal
